
Microsoft Visual Studio Solution File, Format Version 12.00
# Visual Studio Version 16
VisualStudioVersion = 16.0.29519.181
MinimumVisualStudioVersion = 10.0.40219.1
Project("{FAE04EC0-301F-11D3-BF4B-00C04F79EFBC}") = "ILoggerSampleCode", "ILoggerSampleCode.csproj", "{18BB751D-1AC7-46E3-A169-D76ABB9125EB}"
EndProject
Global
	GlobalSection(SolutionConfigurationPlatforms) = preSolution
		Debug|Any CPU = Debug|Any CPU
		Release|Any CPU = Release|Any CPU
	EndGlobalSection
	GlobalSection(ProjectConfigurationPlatforms) = postSolution
		{18BB751D-1AC7-46E3-A169-D76ABB9125EB}.Debug|Any CPU.ActiveCfg = Debug|Any CPU
		{18BB751D-1AC7-46E3-A169-D76ABB9125EB}.Debug|Any CPU.Build.0 = Debug|Any CPU
		{18BB751D-1AC7-46E3-A169-D76ABB9125EB}.Release|Any CPU.ActiveCfg = Release|Any CPU
		{18BB751D-1AC7-46E3-A169-D76ABB9125EB}.Release|Any CPU.Build.0 = Release|Any CPU
	EndGlobalSection
	GlobalSection(SolutionProperties) = preSolution
		HideSolutionNode = FALSE
	EndGlobalSection
	GlobalSection(ExtensibilityGlobals) = postSolution
		SolutionGuid = {CF1CFD09-E2E7-406C-94ED-EACBF386413E}
	EndGlobalSection
EndGlobal
